
Microsoft Visual Studio Solution File, Format Version 12.00
# Visual Studio Version 16
VisualStudioVersion = 16.0.30621.155
MinimumVisualStudioVersion = 10.0.40219.1
Project("{FAE04EC0-301F-11D3-BF4B-00C04F79EFBC}") = "PiglatinparserV2", "PiglatinparserV2\PiglatinparserV2.csproj", "{9A5444E9-C8E8-4BC9-9B6C-8B6A8CFAC0CB}"
EndProject
Global
	GlobalSection(SolutionConfigurationPlatforms) = preSolution
		Debug|Any CPU = Debug|Any CPU
		Release|Any CPU = Release|Any CPU
	EndGlobalSection
	GlobalSection(ProjectConfigurationPlatforms) = postSolution
		{9A5444E9-C8E8-4BC9-9B6C-8B6A8CFAC0CB}.Debug|Any CPU.ActiveCfg = Debug|Any CPU
		{9A5444E9-C8E8-4BC9-9B6C-8B6A8CFAC0CB}.Debug|Any CPU.Build.0 = Debug|Any CPU
		{9A5444E9-C8E8-4BC9-9B6C-8B6A8CFAC0CB}.Release|Any CPU.ActiveCfg = Release|Any CPU
		{9A5444E9-C8E8-4BC9-9B6C-8B6A8CFAC0CB}.Release|Any CPU.Build.0 = Release|Any CPU
	EndGlobalSection
	GlobalSection(SolutionProperties) = preSolution
		HideSolutionNode = FALSE
	EndGlobalSection
	GlobalSection(ExtensibilityGlobals) = postSolution
		SolutionGuid = {F73FBAE7-69F8-4A92-9199-54FA3FEC1D31}
	EndGlobalSection
EndGlobal
